// !$*UTF8*$!
{
	archiveVersion = 1;
	classes = {
	};
	objectVersion = 50;
	objects = {

/* Begin PBXBuildFile section */
		866D7BA224F9E8640063608F /* Localizable.strings in Resources */ = {isa = PBXBuildFile; fileRef = 866D7BA424F9E8640063608F /* Localizable.strings */; };
		866D7BA824F9EB110063608F /* InfoPlist.strings in Resources */ = {isa = PBXBuildFile; fileRef = 866D7BAA24F9EB110063608F /* InfoPlist.strings */; };
		866EECB524F7602500DE4526 /* AppDelegate.swift in Sources */ = {isa = PBXBuildFile; fileRef = 866EECB424F7602500DE4526 /* AppDelegate.swift */; };
		866EECB724F7602500DE4526 /* SceneDelegate.swift in Sources */ = {isa = PBXBuildFile; fileRef = 866EECB624F7602500DE4526 /* SceneDelegate.swift */; };
		866EECB924F7602500DE4526 /* ContentView.swift in Sources */ = {isa = PBXBuildFile; fileRef = 866EECB824F7602500DE4526 /* ContentView.swift */; };
		866EECBB24F7602700DE4526 /* Assets.xcassets in Resources */ = {isa = PBXBuildFile; fileRef = 866EECBA24F7602700DE4526 /* Assets.xcassets */; };
		866EECBE24F7602700DE4526 /* Preview Assets.xcassets in Resources */ = {isa = PBXBuildFile; fileRef = 866EECBD24F7602700DE4526 /* Preview Assets.xcassets */; };
		866EECC124F7602700DE4526 /* LaunchScreen.storyboard in Resources */ = {isa = PBXBuildFile; fileRef = 866EECBF24F7602700DE4526 /* LaunchScreen.storyboard */; };
		866EECCF24F7603D00DE4526 /* MessageFilterExtension.swift in Sources */ = {isa = PBXBuildFile; fileRef = 866EECCE24F7603D00DE4526 /* MessageFilterExtension.swift */; };
		866EECD324F7603D00DE4526 /* SMS Filter Extension.appex in Embed App Extensions */ = {isa = PBXBuildFile; fileRef = 866EECCC24F7603D00DE4526 /* SMS Filter Extension.appex */; settings = {ATTRIBUTES = (RemoveHeadersOnCopy, ); }; };
/* End PBXBuildFile section */

/* Begin PBXContainerItemProxy section */
		866EECD124F7603D00DE4526 /* PBXContainerItemProxy */ = {
			isa = PBXContainerItemProxy;
			containerPortal = 866EECA924F7602500DE4526 /* Project object */;
			proxyType = 1;
			remoteGlobalIDString = 866EECCB24F7603D00DE4526;
			remoteInfo = "SMS Filter Extension";
		};
/* End PBXContainerItemProxy section */

/* Begin PBXCopyFilesBuildPhase section */
		866EECD724F7603D00DE4526 /* Embed App Extensions */ = {
			isa = PBXCopyFilesBuildPhase;
			buildActionMask = 2147483647;
			dstPath = "";
			dstSubfolderSpec = 13;
			files = (
				866EECD324F7603D00DE4526 /* SMS Filter Extension.appex in Embed App Extensions */,
			);
			name = "Embed App Extensions";
			runOnlyForDeploymentPostprocessing = 0;
		};
/* End PBXCopyFilesBuildPhase section */

/* Begin PBXFileReference section */
		866D7BA324F9E8640063608F /* en */ = {isa = PBXFileReference; lastKnownFileType = text.plist.strings; name = en; path = en.lproj/Localizable.strings; sourceTree = "<group>"; };
		866D7BA524F9E93F0063608F /* zh-Hans */ = {isa = PBXFileReference; lastKnownFileType = text.plist.strings; name = "zh-Hans"; path = "zh-Hans.lproj/Localizable.strings"; sourceTree = "<group>"; };
		866D7BA924F9EB110063608F /* zh-Hans */ = {isa = PBXFileReference; lastKnownFileType = text.plist.strings; name = "zh-Hans"; path = "zh-Hans.lproj/InfoPlist.strings"; sourceTree = "<group>"; };
		866D7BAB24F9EB150063608F /* en */ = {isa = PBXFileReference; lastKnownFileType = text.plist.strings; name = en; path = en.lproj/InfoPlist.strings; sourceTree = "<group>"; };
		866EECB124F7602500DE4526 /* SMS Filter.app */ = {isa = PBXFileReference; explicitFileType = wrapper.application; includeInIndex = 0; path = "SMS Filter.app"; sourceTree = BUILT_PRODUCTS_DIR; };
		866EECB424F7602500DE4526 /* AppDelegate.swift */ = {isa = PBXFileReference; lastKnownFileType = sourcecode.swift; path = AppDelegate.swift; sourceTree = "<group>"; };
		866EECB624F7602500DE4526 /* SceneDelegate.swift */ = {isa = PBXFileReference; lastKnownFileType = sourcecode.swift; path = SceneDelegate.swift; sourceTree = "<group>"; };
		866EECB824F7602500DE4526 /* ContentView.swift */ = {isa = PBXFileReference; lastKnownFileType = sourcecode.swift; path = ContentView.swift; sourceTree = "<group>"; };
		866EECBA24F7602700DE4526 /* Assets.xcassets */ = {isa = PBXFileReference; lastKnownFileType = folder.assetcatalog; path = Assets.xcassets; sourceTree = "<group>"; };
		866EECBD24F7602700DE4526 /* Preview Assets.xcassets */ = {isa = PBXFileReference; lastKnownFileType = folder.assetcatalog; path = "Preview Assets.xcassets"; sourceTree = "<group>"; };
		866EECC024F7602700DE4526 /* Base */ = {isa = PBXFileReference; lastKnownFileType = file.storyboard; name = Base; path = Base.lproj/LaunchScreen.storyboard; sourceTree = "<group>"; };
		866EECC224F7602700DE4526 /* Info.plist */ = {isa = PBXFileReference; lastKnownFileType = text.plist.xml; path = Info.plist; sourceTree = "<group>"; };
		866EECCC24F7603D00DE4526 /* SMS Filter Extension.appex */ = {isa = PBXFileReference; explicitFileType = "wrapper.app-extension"; includeInIndex = 0; path = "SMS Filter Extension.appex"; sourceTree = BUILT_PRODUCTS_DIR; };
		866EECCE24F7603D00DE4526 /* MessageFilterExtension.swift */ = {isa = PBXFileReference; lastKnownFileType = sourcecode.swift; path = MessageFilterExtension.swift; sourceTree = "<group>"; };
		866EECD024F7603D00DE4526 /* Info.plist */ = {isa = PBXFileReference; lastKnownFileType = text.plist.xml; path = Info.plist; sourceTree = "<group>"; };
		866EED0924F7650200DE4526 /* SMS Filter.entitlements */ = {isa = PBXFileReference; lastKnownFileType = text.plist.entitlements; path = "SMS Filter.entitlements"; sourceTree = "<group>"; };
		866EED0A24F7791800DE4526 /* SMS Filter Extension.entitlements */ = {isa = PBXFileReference; lastKnownFileType = text.plist.entitlements; path = "SMS Filter Extension.entitlements"; sourceTree = "<group>"; };
/* End PBXFileReference section */

/* Begin PBXFrameworksBuildPhase section */
		866EECAE24F7602500DE4526 /* Frameworks */ = {
			isa = PBXFrameworksBuildPhase;
			buildActionMask = 2147483647;
			files = (
			);
			runOnlyForDeploymentPostprocessing = 0;
		};
		866EECC924F7603D00DE4526 /* Frameworks */ = {
			isa = PBXFrameworksBuildPhase;
			buildActionMask = 2147483647;
			files = (
			);
			runOnlyForDeploymentPostprocessing = 0;
		};
/* End PBXFrameworksBuildPhase section */

/* Begin PBXGroup section */
		866EECA824F7602500DE4526 = {
			isa = PBXGroup;
			children = (
				866EECB324F7602500DE4526 /* SMS Filter */,
				866EECCD24F7603D00DE4526 /* SMS Filter Extension */,
				866EECB224F7602500DE4526 /* Products */,
			);
			sourceTree = "<group>";
		};
		866EECB224F7602500DE4526 /* Products */ = {
			isa = PBXGroup;
			children = (
				866EECB124F7602500DE4526 /* SMS Filter.app */,
				866EECCC24F7603D00DE4526 /* SMS Filter Extension.appex */,
			);
			name = Products;
			sourceTree = "<group>";
		};
		866EECB324F7602500DE4526 /* SMS Filter */ = {
			isa = PBXGroup;
			children = (
				866EED0924F7650200DE4526 /* SMS Filter.entitlements */,
				866EECB424F7602500DE4526 /* AppDelegate.swift */,
				866EECB624F7602500DE4526 /* SceneDelegate.swift */,
				866EECB824F7602500DE4526 /* ContentView.swift */,
				866D7BA424F9E8640063608F /* Localizable.strings */,
				866EECBA24F7602700DE4526 /* Assets.xcassets */,
				866EECBF24F7602700DE4526 /* LaunchScreen.storyboard */,
				866EECC224F7602700DE4526 /* Info.plist */,
				866D7BAA24F9EB110063608F /* InfoPlist.strings */,
				866EECBC24F7602700DE4526 /* Preview Content */,
			);
			path = "SMS Filter";
			sourceTree = "<group>";
		};
		866EECBC24F7602700DE4526 /* Preview Content */ = {
			isa = PBXGroup;
			children = (
				866EECBD24F7602700DE4526 /* Preview Assets.xcassets */,
			);
			path = "Preview Content";
			sourceTree = "<group>";
		};
		866EECCD24F7603D00DE4526 /* SMS Filter Extension */ = {
			isa = PBXGroup;
			children = (
				866EED0A24F7791800DE4526 /* SMS Filter Extension.entitlements */,
				866EECCE24F7603D00DE4526 /* MessageFilterExtension.swift */,
				866EECD024F7603D00DE4526 /* Info.plist */,
			);
			path = "SMS Filter Extension";
			sourceTree = "<group>";
		};
/* End PBXGroup section */

/* Begin PBXNativeTarget section */
		866EECB024F7602500DE4526 /* SMS Filter */ = {
			isa = PBXNativeTarget;
			buildConfigurationList = 866EECC524F7602700DE4526 /* Build configuration list for PBXNativeTarget "SMS Filter" */;
			buildPhases = (
				866EECAD24F7602500DE4526 /* Sources */,
				866EECAE24F7602500DE4526 /* Frameworks */,
				866EECAF24F7602500DE4526 /* Resources */,
				866EECD724F7603D00DE4526 /* Embed App Extensions */,
			);
			buildRules = (
			);
			dependencies = (
				866EECD224F7603D00DE4526 /* PBXTargetDependency */,
			);
			name = "SMS Filter";
			productName = "SMS Filter";
			productReference = 866EECB124F7602500DE4526 /* SMS Filter.app */;
			productType = "com.apple.product-type.application";
		};
		866EECCB24F7603D00DE4526 /* SMS Filter Extension */ = {
			isa = PBXNativeTarget;
			buildConfigurationList = 866EECD424F7603D00DE4526 /* Build configuration list for PBXNativeTarget "SMS Filter Extension" */;
			buildPhases = (
				866EECC824F7603D00DE4526 /* Sources */,
				866EECC924F7603D00DE4526 /* Frameworks */,
				866EECCA24F7603D00DE4526 /* Resources */,
			);
			buildRules = (
			);
			dependencies = (
			);
			name = "SMS Filter Extension";
			productName = "SMS Filter Extension";
			productReference = 866EECCC24F7603D00DE4526 /* SMS Filter Extension.appex */;
			productType = "com.apple.product-type.app-extension";
		};
/* End PBXNativeTarget section */

/* Begin PBXProject section */
		866EECA924F7602500DE4526 /* Project object */ = {
			isa = PBXProject;
			attributes = {
				LastSwiftUpdateCheck = 1200;
				LastUpgradeCheck = 1200;
				TargetAttributes = {
					866EECB024F7602500DE4526 = {
						CreatedOnToolsVersion = 12.0;
					};
					866EECCB24F7603D00DE4526 = {
						CreatedOnToolsVersion = 12.0;
					};
				};
			};
			buildConfigurationList = 866EECAC24F7602500DE4526 /* Build configuration list for PBXProject "SMS Filter" */;
			compatibilityVersion = "Xcode 9.3";
			developmentRegion = en;
			hasScannedForEncodings = 0;
			knownRegions = (
				en,
				Base,
				"zh-Hans",
			);
			mainGroup = 866EECA824F7602500DE4526;
			productRefGroup = 866EECB224F7602500DE4526 /* Products */;
			projectDirPath = "";
			projectRoot = "";
			targets = (
				866EECB024F7602500DE4526 /* SMS Filter */,
				866EECCB24F7603D00DE4526 /* SMS Filter Extension */,
			);
		};
/* End PBXProject section */

/* Begin PBXResourcesBuildPhase section */
		866EECAF24F7602500DE4526 /* Resources */ = {
			isa = PBXResourcesBuildPhase;
			buildActionMask = 2147483647;
			files = (
				866D7BA224F9E8640063608F /* Localizable.strings in Resources */,
				866EECC124F7602700DE4526 /* LaunchScreen.storyboard in Resources */,
				866EECBE24F7602700DE4526 /* Preview Assets.xcassets in Resources */,
				866EECBB24F7602700DE4526 /* Assets.xcassets in Resources */,
			);
			runOnlyForDeploymentPostprocessing = 0;
		};
		866EECCA24F7603D00DE4526 /* Resources */ = {
			isa = PBXResourcesBuildPhase;
			buildActionMask = 2147483647;
			files = (
				866D7BA824F9EB110063608F /* InfoPlist.strings in Resources */,
			);
			runOnlyForDeploymentPostprocessing = 0;
		};
/* End PBXResourcesBuildPhase section */

/* Begin PBXSourcesBuildPhase section */
		866EECAD24F7602500DE4526 /* Sources */ = {
			isa = PBXSourcesBuildPhase;
			buildActionMask = 2147483647;
			files = (
				866EECB524F7602500DE4526 /* AppDelegate.swift in Sources */,
				866EECB724F7602500DE4526 /* SceneDelegate.swift in Sources */,
				866EECB924F7602500DE4526 /* ContentView.swift in Sources */,
			);
			runOnlyForDeploymentPostprocessing = 0;
		};
		866EECC824F7603D00DE4526 /* Sources */ = {
			isa = PBXSourcesBuildPhase;
			buildActionMask = 2147483647;
			files = (
				866EECCF24F7603D00DE4526 /* MessageFilterExtension.swift in Sources */,
			);
			runOnlyForDeploymentPostprocessing = 0;
		};
/* End PBXSourcesBuildPhase section */

/* Begin PBXTargetDependency section */
		866EECD224F7603D00DE4526 /* PBXTargetDependency */ = {
			isa = PBXTargetDependency;
			target = 866EECCB24F7603D00DE4526 /* SMS Filter Extension */;
			targetProxy = 866EECD124F7603D00DE4526 /* PBXContainerItemProxy */;
		};
/* End PBXTargetDependency section */

/* Begin PBXVariantGroup section */
		866D7BA424F9E8640063608F /* Localizable.strings */ = {
			isa = PBXVariantGroup;
			children = (
				866D7BA324F9E8640063608F /* en */,
				866D7BA524F9E93F0063608F /* zh-Hans */,
			);
			name = Localizable.strings;
			sourceTree = "<group>";
		};
		866D7BAA24F9EB110063608F /* InfoPlist.strings */ = {
			isa = PBXVariantGroup;
			children = (
				866D7BA924F9EB110063608F /* zh-Hans */,
				866D7BAB24F9EB150063608F /* en */,
			);
			name = InfoPlist.strings;
			sourceTree = "<group>";
		};
		866EECBF24F7602700DE4526 /* LaunchScreen.storyboard */ = {
			isa = PBXVariantGroup;
			children = (
				866EECC024F7602700DE4526 /* Base */,
			);
			name = LaunchScreen.storyboard;
			sourceTree = "<group>";
		};
/* End PBXVariantGroup section */

/* Begin XCBuildConfiguration section */
		866EECC324F7602700DE4526 /* Debug */ = {
			isa = XCBuildConfiguration;
			buildSettings = {
				ALWAYS_SEARCH_USER_PATHS = NO;
				CLANG_ANALYZER_LOCALIZABILITY_NONLOCALIZED = YES;
				CLANG_ANALYZER_NONNULL = YES;
				CLANG_ANALYZER_NUMBER_OBJECT_CONVERSION = YES_AGGRESSIVE;
				CLANG_CXX_LANGUAGE_STANDARD = "gnu++14";
				CLANG_CXX_LIBRARY = "libc++";
				CLANG_ENABLE_MODULES = YES;
				CLANG_ENABLE_OBJC_ARC = YES;
				CLANG_ENABLE_OBJC_WEAK = YES;
				CLANG_WARN_BLOCK_CAPTURE_AUTORELEASING = YES;
				CLANG_WARN_BOOL_CONVERSION = YES;
				CLANG_WARN_COMMA = YES;
				CLANG_WARN_CONSTANT_CONVERSION = YES;
				CLANG_WARN_DEPRECATED_OBJC_IMPLEMENTATIONS = YES;
				CLANG_WARN_DIRECT_OBJC_ISA_USAGE = YES_ERROR;
				CLANG_WARN_DOCUMENTATION_COMMENTS = YES;
				CLANG_WARN_EMPTY_BODY = YES;
				CLANG_WARN_ENUM_CONVERSION = YES;
				CLANG_WARN_INFINITE_RECURSION = YES;
				CLANG_WARN_INT_CONVERSION = YES;
				CLANG_WARN_NON_LITERAL_NULL_CONVERSION = YES;
				CLANG_WARN_OBJC_IMPLICIT_RETAIN_SELF = YES;
				CLANG_WARN_OBJC_LITERAL_CONVERSION = YES;
				CLANG_WARN_OBJC_ROOT_CLASS = YES_ERROR;
				CLANG_WARN_QUOTED_INCLUDE_IN_FRAMEWORK_HEADER = YES;
				CLANG_WARN_RANGE_LOOP_ANALYSIS = YES;
				CLANG_WARN_STRICT_PROTOTYPES = YES;
				CLANG_WARN_SUSPICIOUS_MOVE = YES;
				CLANG_WARN_UNGUARDED_AVAILABILITY = YES_AGGRESSIVE;
				CLANG_WARN_UNREACHABLE_CODE = YES;
				CLANG_WARN__DUPLICATE_METHOD_MATCH = YES;
				COPY_PHASE_STRIP = NO;
				DEBUG_INFORMATION_FORMAT = dwarf;
				ENABLE_STRICT_OBJC_MSGSEND = YES;
				ENABLE_TESTABILITY = YES;
				GCC_C_LANGUAGE_STANDARD = gnu11;
				GCC_DYNAMIC_NO_PIC = NO;
				GCC_NO_COMMON_BLOCKS = YES;
				GCC_OPTIMIZATION_LEVEL = 0;
				GCC_PREPROCESSOR_DEFINITIONS = (
					"DEBUG=1",
					"$(inherited)",
				);
				GCC_WARN_64_TO_32_BIT_CONVERSION = YES;
				GCC_WARN_ABOUT_RETURN_TYPE = YES_ERROR;
				GCC_WARN_UNDECLARED_SELECTOR = YES;
				GCC_WARN_UNINITIALIZED_AUTOS = YES_AGGRESSIVE;
				GCC_WARN_UNUSED_FUNCTION = YES;
				GCC_WARN_UNUSED_VARIABLE = YES;
				IPHONEOS_DEPLOYMENT_TARGET = 14.0;
				MTL_ENABLE_DEBUG_INFO = INCLUDE_SOURCE;
				MTL_FAST_MATH = YES;
				ONLY_ACTIVE_ARCH = YES;
				SDKROOT = iphoneos;
				SWIFT_ACTIVE_COMPILATION_CONDITIONS = DEBUG;
				SWIFT_OPTIMIZATION_LEVEL = "-Onone";
			};
			name = Debug;
		};
		866EECC424F7602700DE4526 /* Release */ = {
			isa = XCBuildConfiguration;
			buildSettings = {
				ALWAYS_SEARCH_USER_PATHS = NO;
				CLANG_ANALYZER_LOCALIZABILITY_NONLOCALIZED = YES;
				CLANG_ANALYZER_NONNULL = YES;
				CLANG_ANALYZER_NUMBER_OBJECT_CONVERSION = YES_AGGRESSIVE;
				CLANG_CXX_LANGUAGE_STANDARD = "gnu++14";
				CLANG_CXX_LIBRARY = "libc++";
				CLANG_ENABLE_MODULES = YES;
				CLANG_ENABLE_OBJC_ARC = YES;
				CLANG_ENABLE_OBJC_WEAK = YES;
				CLANG_WARN_BLOCK_CAPTURE_AUTORELEASING = YES;
				CLANG_WARN_BOOL_CONVERSION = YES;
				CLANG_WARN_COMMA = YES;
				CLANG_WARN_CONSTANT_CONVERSION = YES;
				CLANG_WARN_DEPRECATED_OBJC_IMPLEMENTATIONS = YES;
				CLANG_WARN_DIRECT_OBJC_ISA_USAGE = YES_ERROR;
				CLANG_WARN_DOCUMENTATION_COMMENTS = YES;
				CLANG_WARN_EMPTY_BODY = YES;
				CLANG_WARN_ENUM_CONVERSION = YES;
				CLANG_WARN_INFINITE_RECURSION = YES;
				CLANG_WARN_INT_CONVERSION = YES;
				CLANG_WARN_NON_LITERAL_NULL_CONVERSION = YES;
				CLANG_WARN_OBJC_IMPLICIT_RETAIN_SELF = YES;
				CLANG_WARN_OBJC_LITERAL_CONVERSION = YES;
				CLANG_WARN_OBJC_ROOT_CLASS = YES_ERROR;
				CLANG_WARN_QUOTED_INCLUDE_IN_FRAMEWORK_HEADER = YES;
				CLANG_WARN_RANGE_LOOP_ANALYSIS = YES;
				CLANG_WARN_STRICT_PROTOTYPES = YES;
				CLANG_WARN_SUSPICIOUS_MOVE = YES;
				CLANG_WARN_UNGUARDED_AVAILABILITY = YES_AGGRESSIVE;
				CLANG_WARN_UNREACHABLE_CODE = YES;
				CLANG_WARN__DUPLICATE_METHOD_MATCH = YES;
				COPY_PHASE_STRIP = NO;
				DEBUG_INFORMATION_FORMAT = "dwarf-with-dsym";
				ENABLE_NS_ASSERTIONS = NO;
				ENABLE_STRICT_OBJC_MSGSEND = YES;
				GCC_C_LANGUAGE_STANDARD = gnu11;
				GCC_NO_COMMON_BLOCKS = YES;
				GCC_WARN_64_TO_32_BIT_CONVERSION = YES;
				GCC_WARN_ABOUT_RETURN_TYPE = YES_ERROR;
				GCC_WARN_UNDECLARED_SELECTOR = YES;
				GCC_WARN_UNINITIALIZED_AUTOS = YES_AGGRESSIVE;
				GCC_WARN_UNUSED_FUNCTION = YES;
				GCC_WARN_UNUSED_VARIABLE = YES;
				IPHONEOS_DEPLOYMENT_TARGET = 14.0;
				MTL_ENABLE_DEBUG_INFO = NO;
				MTL_FAST_MATH = YES;
				SDKROOT = iphoneos;
				SWIFT_COMPILATION_MODE = wholemodule;
				SWIFT_OPTIMIZATION_LEVEL = "-O";
				VALIDATE_PRODUCT = YES;
			};
			name = Release;
		};
		866EECC624F7602700DE4526 /* Debug */ = {
			isa = XCBuildConfiguration;
			buildSettings = {
				ALWAYS_EMBED_SWIFT_STANDARD_LIBRARIES = YES;
				ASSETCATALOG_COMPILER_APPICON_NAME = AppIcon;
				ASSETCATALOG_COMPILER_GLOBAL_ACCENT_COLOR_NAME = AccentColor;
				CODE_SIGN_ENTITLEMENTS = "SMS Filter/SMS Filter.entitlements";
				CODE_SIGN_STYLE = Automatic;
				DEVELOPMENT_ASSET_PATHS = "\"SMS Filter/Preview Content\"";
				DEVELOPMENT_TEAM = 87RPRRD94N;
				ENABLE_PREVIEWS = YES;
				INFOPLIST_FILE = "SMS Filter/Info.plist";
				LD_RUNPATH_SEARCH_PATHS = (
					"$(inherited)",
					"@executable_path/Frameworks",
				);
				PRODUCT_BUNDLE_IDENTIFIER = "dev.hmplayground.SMS-Filter";
				PRODUCT_NAME = "$(TARGET_NAME)";
				SWIFT_VERSION = 5.0;
				TARGETED_DEVICE_FAMILY = "1,2";
			};
			name = Debug;
		};
		866EECC724F7602700DE4526 /* Release */ = {
			isa = XCBuildConfiguration;
			buildSettings = {
				ALWAYS_EMBED_SWIFT_STANDARD_LIBRARIES = YES;
				ASSETCATALOG_COMPILER_APPICON_NAME = AppIcon;
				ASSETCATALOG_COMPILER_GLOBAL_ACCENT_COLOR_NAME = AccentColor;
				CODE_SIGN_ENTITLEMENTS = "SMS Filter/SMS Filter.entitlements";
				CODE_SIGN_STYLE = Automatic;
				DEVELOPMENT_ASSET_PATHS = "\"SMS Filter/Preview Content\"";
				DEVELOPMENT_TEAM = 87RPRRD94N;
				ENABLE_PREVIEWS = YES;
				INFOPLIST_FILE = "SMS Filter/Info.plist";
				LD_RUNPATH_SEARCH_PATHS = (
					"$(inherited)",
					"@executable_path/Frameworks",
				);
				PRODUCT_BUNDLE_IDENTIFIER = "dev.hmplayground.SMS-Filter";
				PRODUCT_NAME = "$(TARGET_NAME)";
				SWIFT_VERSION = 5.0;
				TARGETED_DEVICE_FAMILY = "1,2";
			};
			name = Release;
		};
		866EECD524F7603D00DE4526 /* Debug */ = {
			isa = XCBuildConfiguration;
			buildSettings = {
				CODE_SIGN_ENTITLEMENTS = "SMS Filter Extension/SMS Filter Extension.entitlements";
				CODE_SIGN_STYLE = Automatic;
				DEVELOPMENT_TEAM = 87RPRRD94N;
				INFOPLIST_FILE = "SMS Filter Extension/Info.plist";
				LD_RUNPATH_SEARCH_PATHS = (
					"$(inherited)",
					"@executable_path/Frameworks",
					"@executable_path/../../Frameworks",
				);
				PRODUCT_BUNDLE_IDENTIFIER = "dev.hmplayground.SMS-Filter.SMS-Filter-Extension";
				PRODUCT_NAME = "$(TARGET_NAME)";
				SKIP_INSTALL = YES;
				SWIFT_VERSION = 5.0;
				TARGETED_DEVICE_FAMILY = "1,2";
			};
			name = Debug;
		};
		866EECD624F7603D00DE4526 /* Release */ = {
			isa = XCBuildConfiguration;
			buildSettings = {
				CODE_SIGN_ENTITLEMENTS = "SMS Filter Extension/SMS Filter Extension.entitlements";
				CODE_SIGN_STYLE = Automatic;
				DEVELOPMENT_TEAM = 87RPRRD94N;
				INFOPLIST_FILE = "SMS Filter Extension/Info.plist";
				LD_RUNPATH_SEARCH_PATHS = (
					"$(inherited)",
					"@executable_path/Frameworks",
					"@executable_path/../../Frameworks",
				);
				PRODUCT_BUNDLE_IDENTIFIER = "dev.hmplayground.SMS-Filter.SMS-Filter-Extension";
				PRODUCT_NAME = "$(TARGET_NAME)";
				SKIP_INSTALL = YES;
				SWIFT_VERSION = 5.0;
				TARGETED_DEVICE_FAMILY = "1,2";
			};
			name = Release;
		};
/* End XCBuildConfiguration section */

/* Begin XCConfigurationList section */
		866EECAC24F7602500DE4526 /* Build configuration list for PBXProject "SMS Filter" */ = {
			isa = XCConfigurationList;
			buildConfigurations = (
				866EECC324F7602700DE4526 /* Debug */,
				866EECC424F7602700DE4526 /* Release */,
			);
			defaultConfigurationIsVisible = 0;
			defaultConfigurationName = Release;
		};
		866EECC524F7602700DE4526 /* Build configuration list for PBXNativeTarget "SMS Filter" */ = {
			isa = XCConfigurationList;
			buildConfigurations = (
				866EECC624F7602700DE4526 /* Debug */,
				866EECC724F7602700DE4526 /* Release */,
			);
			defaultConfigurationIsVisible = 0;
			defaultConfigurationName = Release;
		};
		866EECD424F7603D00DE4526 /* Build configuration list for PBXNativeTarget "SMS Filter Extension" */ = {
			isa = XCConfigurationList;
			buildConfigurations = (
				866EECD524F7603D00DE4526 /* Debug */,
				866EECD624F7603D00DE4526 /* Release */,
			);
			defaultConfigurationIsVisible = 0;
			defaultConfigurationName = Release;
		};
/* End XCConfigurationList section */
	};
	rootObject = 866EECA924F7602500DE4526 /* Project object */;
}
